// !$*UTF8*$!
{
	archiveVersion = 1;
	classes = {
	};
	objectVersion = 51;
	objects = {

/* Begin PBXBuildFile section */
		A779A5852354D57300066984 /* AppDelegate.swift in Sources */ = {isa = PBXBuildFile; fileRef = A779A5842354D57300066984 /* AppDelegate.swift */; };
		A779A5872354D57300066984 /* SceneDelegate.swift in Sources */ = {isa = PBXBuildFile; fileRef = A779A5862354D57300066984 /* SceneDelegate.swift */; };
		A779A58E2354D57500066984 /* Assets.xcassets in Resources */ = {isa = PBXBuildFile; fileRef = A779A58D2354D57500066984 /* Assets.xcassets */; };
		A779A5912354D57500066984 /* LaunchScreen.storyboard in Resources */ = {isa = PBXBuildFile; fileRef = A779A58F2354D57500066984 /* LaunchScreen.storyboard */; };
		A7D067EB2355638B001761DE /* ReposListTableViewController.swift in Sources */ = {isa = PBXBuildFile; fileRef = A7D067EA2355638B001761DE /* ReposListTableViewController.swift */; };
		A7E1AD332355406000A8F777 /* RepositoriesByStarsCell.swift in Sources */ = {isa = PBXBuildFile; fileRef = A7E1AD322355406000A8F777 /* RepositoriesByStarsCell.swift */; };
/* End PBXBuildFile section */

/* Begin PBXFileReference section */
		A779A5812354D57300066984 /* GitHub SwiftByStarts.app */ = {isa = PBXFileReference; explicitFileType = wrapper.application; includeInIndex = 0; path = "GitHub SwiftByStarts.app"; sourceTree = BUILT_PRODUCTS_DIR; };
		A779A5842354D57300066984 /* AppDelegate.swift */ = {isa = PBXFileReference; lastKnownFileType = sourcecode.swift; path = AppDelegate.swift; sourceTree = "<group>"; };
		A779A5862354D57300066984 /* SceneDelegate.swift */ = {isa = PBXFileReference; lastKnownFileType = sourcecode.swift; path = SceneDelegate.swift; sourceTree = "<group>"; };
		A779A58D2354D57500066984 /* Assets.xcassets */ = {isa = PBXFileReference; lastKnownFileType = folder.assetcatalog; path = Assets.xcassets; sourceTree = "<group>"; };
		A779A5902354D57500066984 /* Base */ = {isa = PBXFileReference; lastKnownFileType = file.storyboard; name = Base; path = Base.lproj/LaunchScreen.storyboard; sourceTree = "<group>"; };
		A779A5922354D57500066984 /* Info.plist */ = {isa = PBXFileReference; lastKnownFileType = text.plist.xml; path = Info.plist; sourceTree = "<group>"; };
		A7D067EA2355638B001761DE /* ReposListTableViewController.swift */ = {isa = PBXFileReference; lastKnownFileType = sourcecode.swift; path = ReposListTableViewController.swift; sourceTree = "<group>"; };
		A7E1AD322355406000A8F777 /* RepositoriesByStarsCell.swift */ = {isa = PBXFileReference; lastKnownFileType = sourcecode.swift; path = RepositoriesByStarsCell.swift; sourceTree = "<group>"; };
/* End PBXFileReference section */

/* Begin PBXFrameworksBuildPhase section */
		A779A57E2354D57300066984 /* Frameworks */ = {
			isa = PBXFrameworksBuildPhase;
			buildActionMask = 2147483647;
			files = (
			);
			runOnlyForDeploymentPostprocessing = 0;
		};
/* End PBXFrameworksBuildPhase section */

/* Begin PBXGroup section */
		A779A5782354D57300066984 = {
			isa = PBXGroup;
			children = (
				A779A5832354D57300066984 /* GitHub SwiftByStarts */,
				A779A5822354D57300066984 /* Products */,
			);
			sourceTree = "<group>";
		};
		A779A5822354D57300066984 /* Products */ = {
			isa = PBXGroup;
			children = (
				A779A5812354D57300066984 /* GitHub SwiftByStarts.app */,
			);
			name = Products;
			sourceTree = "<group>";
		};
		A779A5832354D57300066984 /* GitHub SwiftByStarts */ = {
			isa = PBXGroup;
			children = (
				A779A59C2354E24100066984 /* Resources */,
				A779A5982354D5AF00066984 /* Views */,
				A779A5842354D57300066984 /* AppDelegate.swift */,
				A779A5862354D57300066984 /* SceneDelegate.swift */,
				A779A5922354D57500066984 /* Info.plist */,
			);
			path = "GitHub SwiftByStarts";
			sourceTree = "<group>";
		};
		A779A5982354D5AF00066984 /* Views */ = {
			isa = PBXGroup;
			children = (
				A7E1AD3023553FF000A8F777 /* TableViewsComponents */,
				A779A5992354D5DB00066984 /* ViewControllers */,
			);
			path = Views;
			sourceTree = "<group>";
		};
		A779A5992354D5DB00066984 /* ViewControllers */ = {
			isa = PBXGroup;
			children = (
				A7D067EA2355638B001761DE /* ReposListTableViewController.swift */,
			);
			path = ViewControllers;
			sourceTree = "<group>";
		};
		A779A59C2354E24100066984 /* Resources */ = {
			isa = PBXGroup;
			children = (
				A779A58F2354D57500066984 /* LaunchScreen.storyboard */,
				A779A58D2354D57500066984 /* Assets.xcassets */,
			);
			path = Resources;
			sourceTree = "<group>";
		};
		A7E1AD3023553FF000A8F777 /* TableViewsComponents */ = {
			isa = PBXGroup;
			children = (
				A7E1AD312355400E00A8F777 /* Cells */,
			);
			path = TableViewsComponents;
			sourceTree = "<group>";
		};
		A7E1AD312355400E00A8F777 /* Cells */ = {
			isa = PBXGroup;
			children = (
				A7E1AD322355406000A8F777 /* RepositoriesByStarsCell.swift */,
			);
			path = Cells;
			sourceTree = "<group>";
		};
/* End PBXGroup section */

/* Begin PBXNativeTarget section */
		A779A5802354D57300066984 /* GitHub SwiftByStarts */ = {
			isa = PBXNativeTarget;
			buildConfigurationList = A779A5952354D57500066984 /* Build configuration list for PBXNativeTarget "GitHub SwiftByStarts" */;
			buildPhases = (
				A779A57D2354D57300066984 /* Sources */,
				A779A57E2354D57300066984 /* Frameworks */,
				A779A57F2354D57300066984 /* Resources */,
			);
			buildRules = (
			);
			dependencies = (
			);
			name = "GitHub SwiftByStarts";
			productName = "GitHub SwiftByStarts";
			productReference = A779A5812354D57300066984 /* GitHub SwiftByStarts.app */;
			productType = "com.apple.product-type.application";
		};
/* End PBXNativeTarget section */

/* Begin PBXProject section */
		A779A5792354D57300066984 /* Project object */ = {
			isa = PBXProject;
			attributes = {
				LastSwiftUpdateCheck = 1100;
				LastUpgradeCheck = 1100;
				ORGANIZATIONNAME = "Filipe Catarino Merli";
				TargetAttributes = {
					A779A5802354D57300066984 = {
						CreatedOnToolsVersion = 11.0;
					};
				};
			};
			buildConfigurationList = A779A57C2354D57300066984 /* Build configuration list for PBXProject "GitHub SwiftByStarts" */;
			compatibilityVersion = "Xcode 10.0";
			developmentRegion = en;
			hasScannedForEncodings = 0;
			knownRegions = (
				en,
				Base,
			);
			mainGroup = A779A5782354D57300066984;
			productRefGroup = A779A5822354D57300066984 /* Products */;
			projectDirPath = "";
			projectRoot = "";
			targets = (
				A779A5802354D57300066984 /* GitHub SwiftByStarts */,
			);
		};
/* End PBXProject section */

/* Begin PBXResourcesBuildPhase section */
		A779A57F2354D57300066984 /* Resources */ = {
			isa = PBXResourcesBuildPhase;
			buildActionMask = 2147483647;
			files = (
				A779A5912354D57500066984 /* LaunchScreen.storyboard in Resources */,
				A779A58E2354D57500066984 /* Assets.xcassets in Resources */,
			);
			runOnlyForDeploymentPostprocessing = 0;
		};
/* End PBXResourcesBuildPhase section */

/* Begin PBXSourcesBuildPhase section */
		A779A57D2354D57300066984 /* Sources */ = {
			isa = PBXSourcesBuildPhase;
			buildActionMask = 2147483647;
			files = (
				A7E1AD332355406000A8F777 /* RepositoriesByStarsCell.swift in Sources */,
				A7D067EB2355638B001761DE /* ReposListTableViewController.swift in Sources */,
				A779A5852354D57300066984 /* AppDelegate.swift in Sources */,
				A779A5872354D57300066984 /* SceneDelegate.swift in Sources */,
			);
			runOnlyForDeploymentPostprocessing = 0;
		};
/* End PBXSourcesBuildPhase section */

/* Begin PBXVariantGroup section */
		A779A58F2354D57500066984 /* LaunchScreen.storyboard */ = {
			isa = PBXVariantGroup;
			children = (
				A779A5902354D57500066984 /* Base */,
			);
			name = LaunchScreen.storyboard;
			sourceTree = "<group>";
		};
/* End PBXVariantGroup section */

/* Begin XCBuildConfiguration section */
		A779A5932354D57500066984 /* Debug */ = {
			isa = XCBuildConfiguration;
			buildSettings = {
				ALWAYS_SEARCH_USER_PATHS = NO;
				CLANG_ANALYZER_NONNULL = YES;
				CLANG_ANALYZER_NUMBER_OBJECT_CONVERSION = YES_AGGRESSIVE;
				CLANG_CXX_LANGUAGE_STANDARD = "gnu++14";
				CLANG_CXX_LIBRARY = "libc++";
				CLANG_ENABLE_MODULES = YES;
				CLANG_ENABLE_OBJC_ARC = YES;
				CLANG_ENABLE_OBJC_WEAK = YES;
				CLANG_WARN_BLOCK_CAPTURE_AUTORELEASING = YES;
				CLANG_WARN_BOOL_CONVERSION = YES;
				CLANG_WARN_COMMA = YES;
				CLANG_WARN_CONSTANT_CONVERSION = YES;
				CLANG_WARN_DEPRECATED_OBJC_IMPLEMENTATIONS = YES;
				CLANG_WARN_DIRECT_OBJC_ISA_USAGE = YES_ERROR;
				CLANG_WARN_DOCUMENTATION_COMMENTS = YES;
				CLANG_WARN_EMPTY_BODY = YES;
				CLANG_WARN_ENUM_CONVERSION = YES;
				CLANG_WARN_INFINITE_RECURSION = YES;
				CLANG_WARN_INT_CONVERSION = YES;
				CLANG_WARN_NON_LITERAL_NULL_CONVERSION = YES;
				CLANG_WARN_OBJC_IMPLICIT_RETAIN_SELF = YES;
				CLANG_WARN_OBJC_LITERAL_CONVERSION = YES;
				CLANG_WARN_OBJC_ROOT_CLASS = YES_ERROR;
				CLANG_WARN_RANGE_LOOP_ANALYSIS = YES;
				CLANG_WARN_STRICT_PROTOTYPES = YES;
				CLANG_WARN_SUSPICIOUS_MOVE = YES;
				CLANG_WARN_UNGUARDED_AVAILABILITY = YES_AGGRESSIVE;
				CLANG_WARN_UNREACHABLE_CODE = YES;
				CLANG_WARN__DUPLICATE_METHOD_MATCH = YES;
				COPY_PHASE_STRIP = NO;
				DEBUG_INFORMATION_FORMAT = dwarf;
				ENABLE_STRICT_OBJC_MSGSEND = YES;
				ENABLE_TESTABILITY = YES;
				GCC_C_LANGUAGE_STANDARD = gnu11;
				GCC_DYNAMIC_NO_PIC = NO;
				GCC_NO_COMMON_BLOCKS = YES;
				GCC_OPTIMIZATION_LEVEL = 0;
				GCC_PREPROCESSOR_DEFINITIONS = (
					"DEBUG=1",
					"$(inherited)",
				);
				GCC_WARN_64_TO_32_BIT_CONVERSION = YES;
				GCC_WARN_ABOUT_RETURN_TYPE = YES_ERROR;
				GCC_WARN_UNDECLARED_SELECTOR = YES;
				GCC_WARN_UNINITIALIZED_AUTOS = YES_AGGRESSIVE;
				GCC_WARN_UNUSED_FUNCTION = YES;
				GCC_WARN_UNUSED_VARIABLE = YES;
				IPHONEOS_DEPLOYMENT_TARGET = 13.0;
				MTL_ENABLE_DEBUG_INFO = INCLUDE_SOURCE;
				MTL_FAST_MATH = YES;
				ONLY_ACTIVE_ARCH = YES;
				SDKROOT = iphoneos;
				SWIFT_ACTIVE_COMPILATION_CONDITIONS = DEBUG;
				SWIFT_OPTIMIZATION_LEVEL = "-Onone";
			};
			name = Debug;
		};
		A779A5942354D57500066984 /* Release */ = {
			isa = XCBuildConfiguration;
			buildSettings = {
				ALWAYS_SEARCH_USER_PATHS = NO;
				CLANG_ANALYZER_NONNULL = YES;
				CLANG_ANALYZER_NUMBER_OBJECT_CONVERSION = YES_AGGRESSIVE;
				CLANG_CXX_LANGUAGE_STANDARD = "gnu++14";
				CLANG_CXX_LIBRARY = "libc++";
				CLANG_ENABLE_MODULES = YES;
				CLANG_ENABLE_OBJC_ARC = YES;
				CLANG_ENABLE_OBJC_WEAK = YES;
				CLANG_WARN_BLOCK_CAPTURE_AUTORELEASING = YES;
				CLANG_WARN_BOOL_CONVERSION = YES;
				CLANG_WARN_COMMA = YES;
				CLANG_WARN_CONSTANT_CONVERSION = YES;
				CLANG_WARN_DEPRECATED_OBJC_IMPLEMENTATIONS = YES;
				CLANG_WARN_DIRECT_OBJC_ISA_USAGE = YES_ERROR;
				CLANG_WARN_DOCUMENTATION_COMMENTS = YES;
				CLANG_WARN_EMPTY_BODY = YES;
				CLANG_WARN_ENUM_CONVERSION = YES;
				CLANG_WARN_INFINITE_RECURSION = YES;
				CLANG_WARN_INT_CONVERSION = YES;
				CLANG_WARN_NON_LITERAL_NULL_CONVERSION = YES;
				CLANG_WARN_OBJC_IMPLICIT_RETAIN_SELF = YES;
				CLANG_WARN_OBJC_LITERAL_CONVERSION = YES;
				CLANG_WARN_OBJC_ROOT_CLASS = YES_ERROR;
				CLANG_WARN_RANGE_LOOP_ANALYSIS = YES;
				CLANG_WARN_STRICT_PROTOTYPES = YES;
				CLANG_WARN_SUSPICIOUS_MOVE = YES;
				CLANG_WARN_UNGUARDED_AVAILABILITY = YES_AGGRESSIVE;
				CLANG_WARN_UNREACHABLE_CODE = YES;
				CLANG_WARN__DUPLICATE_METHOD_MATCH = YES;
				COPY_PHASE_STRIP = NO;
				DEBUG_INFORMATION_FORMAT = "dwarf-with-dsym";
				ENABLE_NS_ASSERTIONS = NO;
				ENABLE_STRICT_OBJC_MSGSEND = YES;
				GCC_C_LANGUAGE_STANDARD = gnu11;
				GCC_NO_COMMON_BLOCKS = YES;
				GCC_WARN_64_TO_32_BIT_CONVERSION = YES;
				GCC_WARN_ABOUT_RETURN_TYPE = YES_ERROR;
				GCC_WARN_UNDECLARED_SELECTOR = YES;
				GCC_WARN_UNINITIALIZED_AUTOS = YES_AGGRESSIVE;
				GCC_WARN_UNUSED_FUNCTION = YES;
				GCC_WARN_UNUSED_VARIABLE = YES;
				IPHONEOS_DEPLOYMENT_TARGET = 13.0;
				MTL_ENABLE_DEBUG_INFO = NO;
				MTL_FAST_MATH = YES;
				SDKROOT = iphoneos;
				SWIFT_COMPILATION_MODE = wholemodule;
				SWIFT_OPTIMIZATION_LEVEL = "-O";
				VALIDATE_PRODUCT = YES;
			};
			name = Release;
		};
		A779A5962354D57500066984 /* Debug */ = {
			isa = XCBuildConfiguration;
			buildSettings = {
				ASSETCATALOG_COMPILER_APPICON_NAME = AppIcon;
				CODE_SIGN_STYLE = Automatic;
				DEVELOPMENT_TEAM = M2Z8KTGT88;
				INFOPLIST_FILE = "GitHub SwiftByStarts/Info.plist";
				IPHONEOS_DEPLOYMENT_TARGET = 11.0;
				LD_RUNPATH_SEARCH_PATHS = (
					"$(inherited)",
					"@executable_path/Frameworks",
				);
				PRODUCT_BUNDLE_IDENTIFIER = "com.merli.GitHub-SwiftByStarts";
				PRODUCT_NAME = "$(TARGET_NAME)";
				SWIFT_VERSION = 5.0;
				TARGETED_DEVICE_FAMILY = 1;
			};
			name = Debug;
		};
		A779A5972354D57500066984 /* Release */ = {
			isa = XCBuildConfiguration;
			buildSettings = {
				ASSETCATALOG_COMPILER_APPICON_NAME = AppIcon;
				CODE_SIGN_STYLE = Automatic;
				DEVELOPMENT_TEAM = M2Z8KTGT88;
				INFOPLIST_FILE = "GitHub SwiftByStarts/Info.plist";
				IPHONEOS_DEPLOYMENT_TARGET = 11.0;
				LD_RUNPATH_SEARCH_PATHS = (
					"$(inherited)",
					"@executable_path/Frameworks",
				);
				PRODUCT_BUNDLE_IDENTIFIER = "com.merli.GitHub-SwiftByStarts";
				PRODUCT_NAME = "$(TARGET_NAME)";
				SWIFT_VERSION = 5.0;
				TARGETED_DEVICE_FAMILY = 1;
			};
			name = Release;
		};
/* End XCBuildConfiguration section */

/* Begin XCConfigurationList section */
		A779A57C2354D57300066984 /* Build configuration list for PBXProject "GitHub SwiftByStarts" */ = {
			isa = XCConfigurationList;
			buildConfigurations = (
				A779A5932354D57500066984 /* Debug */,
				A779A5942354D57500066984 /* Release */,
			);
			defaultConfigurationIsVisible = 0;
			defaultConfigurationName = Release;
		};
		A779A5952354D57500066984 /* Build configuration list for PBXNativeTarget "GitHub SwiftByStarts" */ = {
			isa = XCConfigurationList;
			buildConfigurations = (
				A779A5962354D57500066984 /* Debug */,
				A779A5972354D57500066984 /* Release */,
			);
			defaultConfigurationIsVisible = 0;
			defaultConfigurationName = Release;
		};
/* End XCConfigurationList section */
	};
	rootObject = A779A5792354D57300066984 /* Project object */;
}
